
Microsoft Visual Studio Solution File, Format Version 12.00
# Visual Studio Version 17
VisualStudioVersion = 17.9.34902.65
MinimumVisualStudioVersion = 10.0.40219.1
Project("{2150E333-8FDC-42A3-9474-1A3956D46DE8}") = "Services", "Services", "{E1CF924B-A0B0-4743-9921-05F77FAC8343}"
EndProject
Project("{2150E333-8FDC-42A3-9474-1A3956D46DE8}") = "Catalog", "Catalog", "{25ABC3EF-8AE3-4127-84FC-0FC50AB6DB31}"
EndProject
Project("{9A19103F-16F7-4668-BE54-9A1E7A4F7556}") = "Catalog.API", "Services\Catalog\Catalog.API\Catalog.API.csproj", "{834EF697-F008-4E37-B971-76680864CE2E}"
EndProject
Project("{2150E333-8FDC-42A3-9474-1A3956D46DE8}") = "BuildingBlocks", "BuildingBlocks", "{024E840C-D7EA-420C-9660-0E027583C21E}"
EndProject
Project("{9A19103F-16F7-4668-BE54-9A1E7A4F7556}") = "BuildingBlocks", "BuildingBlocks\BuildingBlocks\BuildingBlocks.csproj", "{CB7DDC73-8092-451C-A279-327A52CCA7CC}"
EndProject
Project("{E53339B2-1760-4266-BCC7-CA923CBCF16C}") = "docker-compose", "docker-compose.dcproj", "{36E5AD1E-9C0F-41AE-848F-A92CF2741E74}"
EndProject
Project("{2150E333-8FDC-42A3-9474-1A3956D46DE8}") = "Basket", "Basket", "{C529C5CC-406D-42C4-93B8-5C6BC1D4180E}"
EndProject
Project("{9A19103F-16F7-4668-BE54-9A1E7A4F7556}") = "Basket.API", "Services\Basket.API\Basket.API.csproj", "{BC430C14-450F-4E2F-8E5B-7AA1CF73D3B5}"
EndProject
Project("{2150E333-8FDC-42A3-9474-1A3956D46DE8}") = "Discount", "Discount", "{3819273F-1118-4609-BD01-4A360300DE0A}"
EndProject
Project("{9A19103F-16F7-4668-BE54-9A1E7A4F7556}") = "Discount.Grpc", "Services\Discount.Grpc\Discount.Grpc.csproj", "{D33C7C49-72FF-4B69-9BEC-36B3B1C7A4A5}"
EndProject
Project("{2150E333-8FDC-42A3-9474-1A3956D46DE8}") = "Ordering", "Ordering", "{39ED4C0E-5388-45B1-BBDB-D491AF979C98}"
EndProject
Project("{9A19103F-16F7-4668-BE54-9A1E7A4F7556}") = "Ordering.API", "Services\Ordering\Ordering.API\Ordering.API.csproj", "{4689C250-5FD8-43F7-A50E-34611F3D61C0}"
EndProject
Project("{9A19103F-16F7-4668-BE54-9A1E7A4F7556}") = "Ordering.Domain", "Services\Ordering\Ordering.Domain\Ordering.Domain.csproj", "{AC31E4E1-5883-4538-8318-3DC7CC9ABEEF}"
EndProject
Project("{9A19103F-16F7-4668-BE54-9A1E7A4F7556}") = "Ordering.Application", "Services\Ordering\Ordering.Application\Ordering.Application.csproj", "{CE0B0175-742B-463B-86E8-DFCC2B21BE2A}"
EndProject
Project("{9A19103F-16F7-4668-BE54-9A1E7A4F7556}") = "Ordering.Infrastructure", "Services\Ordering\Ordering.Infrastructure\Ordering.Infrastructure.csproj", "{D010A9C1-8CFA-4F74-8F9A-A6CDACABFA56}"
EndProject
Project("{9A19103F-16F7-4668-BE54-9A1E7A4F7556}") = "BuildingBlocks.Messaging", "BuildingBlocks\BuildingBlocks.Messaging\BuildingBlocks.Messaging.csproj", "{9CA75B84-5899-494C-A1B8-D9F1869FDD58}"
EndProject
Project("{2150E333-8FDC-42A3-9474-1A3956D46DE8}") = "ApiGateways", "ApiGateways", "{08F832E9-C194-4E7E-9E04-7A3E65FBAF52}"
EndProject
Project("{9A19103F-16F7-4668-BE54-9A1E7A4F7556}") = "YarpApiGateway", "ApiGateways\YarpApiGateway\YarpApiGateway.csproj", "{1C5DA149-4180-4B53-916A-814DA4EF0B1E}"
EndProject
Project("{2150E333-8FDC-42A3-9474-1A3956D46DE8}") = "Auth", "Auth", "{F0BF249E-4BCD-4C09-BDBF-2E9FEAA60786}"
EndProject
Project("{2150E333-8FDC-42A3-9474-1A3956D46DE8}") = "IdentityAuth", "IdentityAuth", "{F38C0337-AF2C-4A78-9278-E72FEDDA4EE0}"
EndProject
Project("{FAE04EC0-301F-11D3-BF4B-00C04F79EFBC}") = "Auth.Domain", "Auth\Identity\Auth.Domain\Auth.Domain.csproj", "{094A0E0E-194F-4599-8EA2-E57AF81597E0}"
EndProject
Project("{FAE04EC0-301F-11D3-BF4B-00C04F79EFBC}") = "Auth.Infrastructure", "Auth\Identity\Auth.Infrastructure\Auth.Infrastructure.csproj", "{11D0D159-C8A2-477A-AEFA-90C97AAF6761}"
EndProject
Project("{FAE04EC0-301F-11D3-BF4B-00C04F79EFBC}") = "Auth.Application", "Auth\Identity\Auth.Application\Auth.Application.csproj", "{249CA3B7-E070-405D-98FD-F98CF8253A6D}"
EndProject
Project("{FAE04EC0-301F-11D3-BF4B-00C04F79EFBC}") = "Auth.Api", "Auth\Identity\Auth.Api\Auth.Api.csproj", "{CE755A7F-A1C6-432D-86AA-06C50199C838}"
EndProject
Global
	GlobalSection(SolutionConfigurationPlatforms) = preSolution
		Debug|Any CPU = Debug|Any CPU
		Release|Any CPU = Release|Any CPU
	EndGlobalSection
	GlobalSection(ProjectConfigurationPlatforms) = postSolution
		{834EF697-F008-4E37-B971-76680864CE2E}.Debug|Any CPU.ActiveCfg = Debug|Any CPU
		{834EF697-F008-4E37-B971-76680864CE2E}.Debug|Any CPU.Build.0 = Debug|Any CPU
		{834EF697-F008-4E37-B971-76680864CE2E}.Release|Any CPU.ActiveCfg = Release|Any CPU
		{834EF697-F008-4E37-B971-76680864CE2E}.Release|Any CPU.Build.0 = Release|Any CPU
		{CB7DDC73-8092-451C-A279-327A52CCA7CC}.Debug|Any CPU.ActiveCfg = Debug|Any CPU
		{CB7DDC73-8092-451C-A279-327A52CCA7CC}.Debug|Any CPU.Build.0 = Debug|Any CPU
		{CB7DDC73-8092-451C-A279-327A52CCA7CC}.Release|Any CPU.ActiveCfg = Release|Any CPU
		{CB7DDC73-8092-451C-A279-327A52CCA7CC}.Release|Any CPU.Build.0 = Release|Any CPU
		{36E5AD1E-9C0F-41AE-848F-A92CF2741E74}.Debug|Any CPU.ActiveCfg = Debug|Any CPU
		{36E5AD1E-9C0F-41AE-848F-A92CF2741E74}.Debug|Any CPU.Build.0 = Debug|Any CPU
		{36E5AD1E-9C0F-41AE-848F-A92CF2741E74}.Release|Any CPU.ActiveCfg = Release|Any CPU
		{36E5AD1E-9C0F-41AE-848F-A92CF2741E74}.Release|Any CPU.Build.0 = Release|Any CPU
		{BC430C14-450F-4E2F-8E5B-7AA1CF73D3B5}.Debug|Any CPU.ActiveCfg = Debug|Any CPU
		{BC430C14-450F-4E2F-8E5B-7AA1CF73D3B5}.Debug|Any CPU.Build.0 = Debug|Any CPU
		{BC430C14-450F-4E2F-8E5B-7AA1CF73D3B5}.Release|Any CPU.ActiveCfg = Release|Any CPU
		{BC430C14-450F-4E2F-8E5B-7AA1CF73D3B5}.Release|Any CPU.Build.0 = Release|Any CPU
		{D33C7C49-72FF-4B69-9BEC-36B3B1C7A4A5}.Debug|Any CPU.ActiveCfg = Debug|Any CPU
		{D33C7C49-72FF-4B69-9BEC-36B3B1C7A4A5}.Debug|Any CPU.Build.0 = Debug|Any CPU
		{D33C7C49-72FF-4B69-9BEC-36B3B1C7A4A5}.Release|Any CPU.ActiveCfg = Release|Any CPU
		{D33C7C49-72FF-4B69-9BEC-36B3B1C7A4A5}.Release|Any CPU.Build.0 = Release|Any CPU
		{4689C250-5FD8-43F7-A50E-34611F3D61C0}.Debug|Any CPU.ActiveCfg = Debug|Any CPU
		{4689C250-5FD8-43F7-A50E-34611F3D61C0}.Debug|Any CPU.Build.0 = Debug|Any CPU
		{4689C250-5FD8-43F7-A50E-34611F3D61C0}.Release|Any CPU.ActiveCfg = Release|Any CPU
		{4689C250-5FD8-43F7-A50E-34611F3D61C0}.Release|Any CPU.Build.0 = Release|Any CPU
		{AC31E4E1-5883-4538-8318-3DC7CC9ABEEF}.Debug|Any CPU.ActiveCfg = Debug|Any CPU
		{AC31E4E1-5883-4538-8318-3DC7CC9ABEEF}.Debug|Any CPU.Build.0 = Debug|Any CPU
		{AC31E4E1-5883-4538-8318-3DC7CC9ABEEF}.Release|Any CPU.ActiveCfg = Release|Any CPU
		{AC31E4E1-5883-4538-8318-3DC7CC9ABEEF}.Release|Any CPU.Build.0 = Release|Any CPU
		{CE0B0175-742B-463B-86E8-DFCC2B21BE2A}.Debug|Any CPU.ActiveCfg = Debug|Any CPU
		{CE0B0175-742B-463B-86E8-DFCC2B21BE2A}.Debug|Any CPU.Build.0 = Debug|Any CPU
		{CE0B0175-742B-463B-86E8-DFCC2B21BE2A}.Release|Any CPU.ActiveCfg = Release|Any CPU
		{CE0B0175-742B-463B-86E8-DFCC2B21BE2A}.Release|Any CPU.Build.0 = Release|Any CPU
		{D010A9C1-8CFA-4F74-8F9A-A6CDACABFA56}.Debug|Any CPU.ActiveCfg = Debug|Any CPU
		{D010A9C1-8CFA-4F74-8F9A-A6CDACABFA56}.Debug|Any CPU.Build.0 = Debug|Any CPU
		{D010A9C1-8CFA-4F74-8F9A-A6CDACABFA56}.Release|Any CPU.ActiveCfg = Release|Any CPU
		{D010A9C1-8CFA-4F74-8F9A-A6CDACABFA56}.Release|Any CPU.Build.0 = Release|Any CPU
		{9CA75B84-5899-494C-A1B8-D9F1869FDD58}.Debug|Any CPU.ActiveCfg = Debug|Any CPU
		{9CA75B84-5899-494C-A1B8-D9F1869FDD58}.Debug|Any CPU.Build.0 = Debug|Any CPU
		{9CA75B84-5899-494C-A1B8-D9F1869FDD58}.Release|Any CPU.ActiveCfg = Release|Any CPU
		{9CA75B84-5899-494C-A1B8-D9F1869FDD58}.Release|Any CPU.Build.0 = Release|Any CPU
		{1C5DA149-4180-4B53-916A-814DA4EF0B1E}.Debug|Any CPU.ActiveCfg = Debug|Any CPU
		{1C5DA149-4180-4B53-916A-814DA4EF0B1E}.Debug|Any CPU.Build.0 = Debug|Any CPU
		{1C5DA149-4180-4B53-916A-814DA4EF0B1E}.Release|Any CPU.ActiveCfg = Release|Any CPU
		{1C5DA149-4180-4B53-916A-814DA4EF0B1E}.Release|Any CPU.Build.0 = Release|Any CPU
		{094A0E0E-194F-4599-8EA2-E57AF81597E0}.Debug|Any CPU.ActiveCfg = Debug|Any CPU
		{094A0E0E-194F-4599-8EA2-E57AF81597E0}.Debug|Any CPU.Build.0 = Debug|Any CPU
		{094A0E0E-194F-4599-8EA2-E57AF81597E0}.Release|Any CPU.ActiveCfg = Release|Any CPU
		{094A0E0E-194F-4599-8EA2-E57AF81597E0}.Release|Any CPU.Build.0 = Release|Any CPU
		{11D0D159-C8A2-477A-AEFA-90C97AAF6761}.Debug|Any CPU.ActiveCfg = Debug|Any CPU
		{11D0D159-C8A2-477A-AEFA-90C97AAF6761}.Debug|Any CPU.Build.0 = Debug|Any CPU
		{11D0D159-C8A2-477A-AEFA-90C97AAF6761}.Release|Any CPU.ActiveCfg = Release|Any CPU
		{11D0D159-C8A2-477A-AEFA-90C97AAF6761}.Release|Any CPU.Build.0 = Release|Any CPU
		{249CA3B7-E070-405D-98FD-F98CF8253A6D}.Debug|Any CPU.ActiveCfg = Debug|Any CPU
		{249CA3B7-E070-405D-98FD-F98CF8253A6D}.Debug|Any CPU.Build.0 = Debug|Any CPU
		{249CA3B7-E070-405D-98FD-F98CF8253A6D}.Release|Any CPU.ActiveCfg = Release|Any CPU
		{249CA3B7-E070-405D-98FD-F98CF8253A6D}.Release|Any CPU.Build.0 = Release|Any CPU
		{CE755A7F-A1C6-432D-86AA-06C50199C838}.Debug|Any CPU.ActiveCfg = Debug|Any CPU
		{CE755A7F-A1C6-432D-86AA-06C50199C838}.Debug|Any CPU.Build.0 = Debug|Any CPU
		{CE755A7F-A1C6-432D-86AA-06C50199C838}.Release|Any CPU.ActiveCfg = Release|Any CPU
		{CE755A7F-A1C6-432D-86AA-06C50199C838}.Release|Any CPU.Build.0 = Release|Any CPU
	EndGlobalSection
	GlobalSection(SolutionProperties) = preSolution
		HideSolutionNode = FALSE
	EndGlobalSection
	GlobalSection(NestedProjects) = preSolution
		{25ABC3EF-8AE3-4127-84FC-0FC50AB6DB31} = {E1CF924B-A0B0-4743-9921-05F77FAC8343}
		{834EF697-F008-4E37-B971-76680864CE2E} = {25ABC3EF-8AE3-4127-84FC-0FC50AB6DB31}
		{CB7DDC73-8092-451C-A279-327A52CCA7CC} = {024E840C-D7EA-420C-9660-0E027583C21E}
		{C529C5CC-406D-42C4-93B8-5C6BC1D4180E} = {E1CF924B-A0B0-4743-9921-05F77FAC8343}
		{BC430C14-450F-4E2F-8E5B-7AA1CF73D3B5} = {C529C5CC-406D-42C4-93B8-5C6BC1D4180E}
		{3819273F-1118-4609-BD01-4A360300DE0A} = {E1CF924B-A0B0-4743-9921-05F77FAC8343}
		{D33C7C49-72FF-4B69-9BEC-36B3B1C7A4A5} = {3819273F-1118-4609-BD01-4A360300DE0A}
		{39ED4C0E-5388-45B1-BBDB-D491AF979C98} = {E1CF924B-A0B0-4743-9921-05F77FAC8343}
		{4689C250-5FD8-43F7-A50E-34611F3D61C0} = {39ED4C0E-5388-45B1-BBDB-D491AF979C98}
		{AC31E4E1-5883-4538-8318-3DC7CC9ABEEF} = {39ED4C0E-5388-45B1-BBDB-D491AF979C98}
		{CE0B0175-742B-463B-86E8-DFCC2B21BE2A} = {39ED4C0E-5388-45B1-BBDB-D491AF979C98}
		{D010A9C1-8CFA-4F74-8F9A-A6CDACABFA56} = {39ED4C0E-5388-45B1-BBDB-D491AF979C98}
		{9CA75B84-5899-494C-A1B8-D9F1869FDD58} = {024E840C-D7EA-420C-9660-0E027583C21E}
		{1C5DA149-4180-4B53-916A-814DA4EF0B1E} = {08F832E9-C194-4E7E-9E04-7A3E65FBAF52}
		{F38C0337-AF2C-4A78-9278-E72FEDDA4EE0} = {F0BF249E-4BCD-4C09-BDBF-2E9FEAA60786}
		{094A0E0E-194F-4599-8EA2-E57AF81597E0} = {F38C0337-AF2C-4A78-9278-E72FEDDA4EE0}
		{11D0D159-C8A2-477A-AEFA-90C97AAF6761} = {F38C0337-AF2C-4A78-9278-E72FEDDA4EE0}
		{249CA3B7-E070-405D-98FD-F98CF8253A6D} = {F38C0337-AF2C-4A78-9278-E72FEDDA4EE0}
		{CE755A7F-A1C6-432D-86AA-06C50199C838} = {F38C0337-AF2C-4A78-9278-E72FEDDA4EE0}
	EndGlobalSection
	GlobalSection(ExtensibilityGlobals) = postSolution
		SolutionGuid = {3BA64D40-EC2C-46AF-9AE5-D7C91A48D06F}
	EndGlobalSection
EndGlobal
